lockfileVersion: '6.0'

settings:
  autoInstallPeers: true
  excludeLinksFromLockfile: false

dependencies:
  animejs:
    specifier: ^4.0.2
    version: 4.0.2

packages:

  /animejs@4.0.2:
    resolution: {integrity: sha512-f0L/kSya2RF23iMSF/VO01pMmLwlAFoiQeNAvBXhEyLzIPd2/QTBRatwGUqkVCC6seaAJYzAkGir55N4SL+h3A==}
    dev: false
